// !$*UTF8*$!
{
	archiveVersion = 1;
	classes = {
	};
	objectVersion = 46;
	objects = {

/* Begin PBXBuildFile section */
		360FE52C1CC943DF00A9A5B8 /* TableViewControllerTests.swift in Sources */ = {isa = PBXBuildFile; fileRef = 360FE52B1CC943DF00A9A5B8 /* TableViewControllerTests.swift */; };
		360FE52E1CC94DA000A9A5B8 /* TableViewDataSourceTests.swift in Sources */ = {isa = PBXBuildFile; fileRef = 360FE52D1CC94DA000A9A5B8 /* TableViewDataSourceTests.swift */; };
		360FE5321CC9654900A9A5B8 /* PickerViewDataSourceTests.swift in Sources */ = {isa = PBXBuildFile; fileRef = 360FE5311CC9654900A9A5B8 /* PickerViewDataSourceTests.swift */; };
		36635DED1CD253F900AF5EB3 /* RowSelectionTests.swift in Sources */ = {isa = PBXBuildFile; fileRef = 36635DEC1CD253F900AF5EB3 /* RowSelectionTests.swift */; };
		36635DEF1CD2541400AF5EB3 /* TableViewControllerTestCase.swift in Sources */ = {isa = PBXBuildFile; fileRef = 36635DEE1CD2541400AF5EB3 /* TableViewControllerTestCase.swift */; };
		36C12AFB1CC68EE100F17929 /* PickerViewDataSource.swift in Sources */ = {isa = PBXBuildFile; fileRef = 36C12AFA1CC68EE100F17929 /* PickerViewDataSource.swift */; };
		36D6430C1CC66F9700E0001C /* TableViewDataSource.swift in Sources */ = {isa = PBXBuildFile; fileRef = 36D6430B1CC66F9700E0001C /* TableViewDataSource.swift */; };
		6202162B1CC5BED6003C71EE /* AppDelegate.swift in Sources */ = {isa = PBXBuildFile; fileRef = 6202162A1CC5BED6003C71EE /* AppDelegate.swift */; };
		6202162D1CC5BED6003C71EE /* TableViewController.swift in Sources */ = {isa = PBXBuildFile; fileRef = 6202162C1CC5BED6003C71EE /* TableViewController.swift */; };
		620216301CC5BED6003C71EE /* Main.storyboard in Resources */ = {isa = PBXBuildFile; fileRef = 6202162E1CC5BED6003C71EE /* Main.storyboard */; };
		620216321CC5BED6003C71EE /* Assets.xcassets in Resources */ = {isa = PBXBuildFile; fileRef = 620216311CC5BED6003C71EE /* Assets.xcassets */; };
		620216351CC5BED6003C71EE /* LaunchScreen.storyboard in Resources */ = {isa = PBXBuildFile; fileRef = 620216331CC5BED6003C71EE /* LaunchScreen.storyboard */; };
		6202165D1CC5C121003C71EE /* PickerCell.swift in Sources */ = {isa = PBXBuildFile; fileRef = 6202165C1CC5C121003C71EE /* PickerCell.swift */; };
		6202165F1CC5C13B003C71EE /* PickerViewCellModel.swift in Sources */ = {isa = PBXBuildFile; fileRef = 6202165E1CC5C13B003C71EE /* PickerViewCellModel.swift */; };
		620216611CC5C2BC003C71EE /* CellModelState.swift in Sources */ = {isa = PBXBuildFile; fileRef = 620216601CC5C2BC003C71EE /* CellModelState.swift */; };
		620216651CC5C31E003C71EE /* SubtitleCell.swift in Sources */ = {isa = PBXBuildFile; fileRef = 620216641CC5C31E003C71EE /* SubtitleCell.swift */; };
		620216671CC5C37B003C71EE /* CellModelType.swift in Sources */ = {isa = PBXBuildFile; fileRef = 620216661CC5C37B003C71EE /* CellModelType.swift */; };
		620216691CC5C3CD003C71EE /* SubtitleCellModel.swift in Sources */ = {isa = PBXBuildFile; fileRef = 620216681CC5C3CD003C71EE /* SubtitleCellModel.swift */; };
		6202166B1CC5CF37003C71EE /* CellType.swift in Sources */ = {isa = PBXBuildFile; fileRef = 6202166A1CC5CF37003C71EE /* CellType.swift */; };
/* End PBXBuildFile section */

/* Begin PBXContainerItemProxy section */
		6202163C1CC5BED6003C71EE /* PBXContainerItemProxy */ = {
			isa = PBXContainerItemProxy;
			containerPortal = 6202161F1CC5BED6003C71EE /* Project object */;
			proxyType = 1;
			remoteGlobalIDString = 620216261CC5BED6003C71EE;
			remoteInfo = InlinePicker;
		};
		620216471CC5BED6003C71EE /* PBXContainerItemProxy */ = {
			isa = PBXContainerItemProxy;
			containerPortal = 6202161F1CC5BED6003C71EE /* Project object */;
			proxyType = 1;
			remoteGlobalIDString = 620216261CC5BED6003C71EE;
			remoteInfo = InlinePicker;
		};
/* End PBXContainerItemProxy section */

/* Begin PBXFileReference section */
		360FE52B1CC943DF00A9A5B8 /* TableViewControllerTests.swift */ = {isa = PBXFileReference; fileEncoding = 4; lastKnownFileType = sourcecode.swift; path = TableViewControllerTests.swift; sourceTree = "<group>"; };
		360FE52D1CC94DA000A9A5B8 /* TableViewDataSourceTests.swift */ = {isa = PBXFileReference; fileEncoding = 4; lastKnownFileType = sourcecode.swift; path = TableViewDataSourceTests.swift; sourceTree = "<group>"; };
		360FE5311CC9654900A9A5B8 /* PickerViewDataSourceTests.swift */ = {isa = PBXFileReference; fileEncoding = 4; lastKnownFileType = sourcecode.swift; path = PickerViewDataSourceTests.swift; sourceTree = "<group>"; };
		36635DEC1CD253F900AF5EB3 /* RowSelectionTests.swift */ = {isa = PBXFileReference; fileEncoding = 4; lastKnownFileType = sourcecode.swift; path = RowSelectionTests.swift; sourceTree = "<group>"; };
		36635DEE1CD2541400AF5EB3 /* TableViewControllerTestCase.swift */ = {isa = PBXFileReference; fileEncoding = 4; lastKnownFileType = sourcecode.swift; path = TableViewControllerTestCase.swift; sourceTree = "<group>"; };
		36C12AFA1CC68EE100F17929 /* PickerViewDataSource.swift */ = {isa = PBXFileReference; fileEncoding = 4; lastKnownFileType = sourcecode.swift; path = PickerViewDataSource.swift; sourceTree = "<group>"; };
		36D6430B1CC66F9700E0001C /* TableViewDataSource.swift */ = {isa = PBXFileReference; fileEncoding = 4; lastKnownFileType = sourcecode.swift; path = TableViewDataSource.swift; sourceTree = "<group>"; };
		620216271CC5BED6003C71EE /* InlinePicker.app */ = {isa = PBXFileReference; explicitFileType = wrapper.application; includeInIndex = 0; path = InlinePicker.app; sourceTree = BUILT_PRODUCTS_DIR; };
		6202162A1CC5BED6003C71EE /* AppDelegate.swift */ = {isa = PBXFileReference; lastKnownFileType = sourcecode.swift; path = AppDelegate.swift; sourceTree = "<group>"; };
		6202162C1CC5BED6003C71EE /* TableViewController.swift */ = {isa = PBXFileReference; lastKnownFileType = sourcecode.swift; path = TableViewController.swift; sourceTree = "<group>"; };
		6202162F1CC5BED6003C71EE /* Base */ = {isa = PBXFileReference; lastKnownFileType = file.storyboard; name = Base; path = Base.lproj/Main.storyboard; sourceTree = "<group>"; };
		620216311CC5BED6003C71EE /* Assets.xcassets */ = {isa = PBXFileReference; lastKnownFileType = folder.assetcatalog; path = Assets.xcassets; sourceTree = "<group>"; };
		620216341CC5BED6003C71EE /* Base */ = {isa = PBXFileReference; lastKnownFileType = file.storyboard; name = Base; path = Base.lproj/LaunchScreen.storyboard; sourceTree = "<group>"; };
		620216361CC5BED6003C71EE /* Info.plist */ = {isa = PBXFileReference; lastKnownFileType = text.plist.xml; path = Info.plist; sourceTree = "<group>"; };
		6202163B1CC5BED6003C71EE /* InlinePickerTests.xctest */ = {isa = PBXFileReference; explicitFileType = wrapper.cfbundle; includeInIndex = 0; path = InlinePickerTests.xctest; sourceTree = BUILT_PRODUCTS_DIR; };
		620216411CC5BED6003C71EE /* Info.plist */ = {isa = PBXFileReference; lastKnownFileType = text.plist.xml; path = Info.plist; sourceTree = "<group>"; };
		620216461CC5BED6003C71EE /* InlinePickerUITests.xctest */ = {isa = PBXFileReference; explicitFileType = wrapper.cfbundle; includeInIndex = 0; path = InlinePickerUITests.xctest; sourceTree = BUILT_PRODUCTS_DIR; };
		6202164C1CC5BED6003C71EE /* Info.plist */ = {isa = PBXFileReference; lastKnownFileType = text.plist.xml; path = Info.plist; sourceTree = "<group>"; };
		6202165C1CC5C121003C71EE /* PickerCell.swift */ = {isa = PBXFileReference; fileEncoding = 4; lastKnownFileType = sourcecode.swift; path = PickerCell.swift; sourceTree = "<group>"; };
		6202165E1CC5C13B003C71EE /* PickerViewCellModel.swift */ = {isa = PBXFileReference; fileEncoding = 4; lastKnownFileType = sourcecode.swift; path = PickerViewCellModel.swift; sourceTree = "<group>"; };
		620216601CC5C2BC003C71EE /* CellModelState.swift */ = {isa = PBXFileReference; fileEncoding = 4; lastKnownFileType = sourcecode.swift; path = CellModelState.swift; sourceTree = "<group>"; };
		620216641CC5C31E003C71EE /* SubtitleCell.swift */ = {isa = PBXFileReference; fileEncoding = 4; lastKnownFileType = sourcecode.swift; path = SubtitleCell.swift; sourceTree = "<group>"; };
		620216661CC5C37B003C71EE /* CellModelType.swift */ = {isa = PBXFileReference; fileEncoding = 4; lastKnownFileType = sourcecode.swift; path = CellModelType.swift; sourceTree = "<group>"; };
		620216681CC5C3CD003C71EE /* SubtitleCellModel.swift */ = {isa = PBXFileReference; fileEncoding = 4; lastKnownFileType = sourcecode.swift; path = SubtitleCellModel.swift; sourceTree = "<group>"; };
		6202166A1CC5CF37003C71EE /* CellType.swift */ = {isa = PBXFileReference; fileEncoding = 4; lastKnownFileType = sourcecode.swift; path = CellType.swift; sourceTree = "<group>"; };
/* End PBXFileReference section */

/* Begin PBXFrameworksBuildPhase section */
		620216241CC5BED6003C71EE /* Frameworks */ = {
			isa = PBXFrameworksBuildPhase;
			buildActionMask = 2147483647;
			files = (
			);
			runOnlyForDeploymentPostprocessing = 0;
		};
		620216381CC5BED6003C71EE /* Frameworks */ = {
			isa = PBXFrameworksBuildPhase;
			buildActionMask = 2147483647;
			files = (
			);
			runOnlyForDeploymentPostprocessing = 0;
		};
		620216431CC5BED6003C71EE /* Frameworks */ = {
			isa = PBXFrameworksBuildPhase;
			buildActionMask = 2147483647;
			files = (
			);
			runOnlyForDeploymentPostprocessing = 0;
		};
/* End PBXFrameworksBuildPhase section */

/* Begin PBXGroup section */
		36635DEB1CD253D800AF5EB3 /* TableViewController */ = {
			isa = PBXGroup;
			children = (
				36635DEC1CD253F900AF5EB3 /* RowSelectionTests.swift */,
				360FE52B1CC943DF00A9A5B8 /* TableViewControllerTests.swift */,
				36635DEE1CD2541400AF5EB3 /* TableViewControllerTestCase.swift */,
			);
			path = TableViewController;
			sourceTree = "<group>";
		};
		3684B3A31CC70C2600779F1B /* DataSources */ = {
			isa = PBXGroup;
			children = (
				36C12AFA1CC68EE100F17929 /* PickerViewDataSource.swift */,
				36D6430B1CC66F9700E0001C /* TableViewDataSource.swift */,
			);
			path = DataSources;
			sourceTree = "<group>";
		};
		36D6430D1CC6700200E0001C /* Types */ = {
			isa = PBXGroup;
			children = (
				620216661CC5C37B003C71EE /* CellModelType.swift */,
				6202166A1CC5CF37003C71EE /* CellType.swift */,
			);
			path = Types;
			sourceTree = "<group>";
		};
		6202161E1CC5BED6003C71EE = {
			isa = PBXGroup;
			children = (
				620216281CC5BED6003C71EE /* Products */,
				6202165A1CC5BF20003C71EE /* Resources */,
				620216291CC5BED6003C71EE /* Source */,
				620216591CC5BF15003C71EE /* SupportFiles */,
				620216581CC5BF00003C71EE /* Tests */,
			);
			sourceTree = "<group>";
		};
		620216281CC5BED6003C71EE /* Products */ = {
			isa = PBXGroup;
			children = (
				620216271CC5BED6003C71EE /* InlinePicker.app */,
				6202163B1CC5BED6003C71EE /* InlinePickerTests.xctest */,
				620216461CC5BED6003C71EE /* InlinePickerUITests.xctest */,
			);
			name = Products;
			sourceTree = "<group>";
		};
		620216291CC5BED6003C71EE /* Source */ = {
			isa = PBXGroup;
			children = (
				6202165B1CC5C107003C71EE /* Controllers */,
				3684B3A31CC70C2600779F1B /* DataSources */,
				6202166C1CC5D0D8003C71EE /* Models */,
				36D6430D1CC6700200E0001C /* Types */,
				6202162A1CC5BED6003C71EE /* AppDelegate.swift */,
			);
			path = Source;
			sourceTree = "<group>";
		};
		6202163E1CC5BED6003C71EE /* UnitTests */ = {
			isa = PBXGroup;
			children = (
				36635DEB1CD253D800AF5EB3 /* TableViewController */,
				620216411CC5BED6003C71EE /* Info.plist */,
				360FE5311CC9654900A9A5B8 /* PickerViewDataSourceTests.swift */,
				360FE52D1CC94DA000A9A5B8 /* TableViewDataSourceTests.swift */,
			);
			path = UnitTests;
			sourceTree = "<group>";
		};
		620216491CC5BED6003C71EE /* UITests */ = {
			isa = PBXGroup;
			children = (
				6202164C1CC5BED6003C71EE /* Info.plist */,
			);
			path = UITests;
			sourceTree = "<group>";
		};
		620216581CC5BF00003C71EE /* Tests */ = {
			isa = PBXGroup;
			children = (
				620216491CC5BED6003C71EE /* UITests */,
				6202163E1CC5BED6003C71EE /* UnitTests */,
			);
			path = Tests;
			sourceTree = "<group>";
		};
		620216591CC5BF15003C71EE /* SupportFiles */ = {
			isa = PBXGroup;
			children = (
				620216361CC5BED6003C71EE /* Info.plist */,
			);
			path = SupportFiles;
			sourceTree = "<group>";
		};
		6202165A1CC5BF20003C71EE /* Resources */ = {
			isa = PBXGroup;
			children = (
				620216311CC5BED6003C71EE /* Assets.xcassets */,
				620216331CC5BED6003C71EE /* LaunchScreen.storyboard */,
				6202162E1CC5BED6003C71EE /* Main.storyboard */,
			);
			path = Resources;
			sourceTree = "<group>";
		};
		6202165B1CC5C107003C71EE /* Controllers */ = {
			isa = PBXGroup;
			children = (
				6202165C1CC5C121003C71EE /* PickerCell.swift */,
				620216641CC5C31E003C71EE /* SubtitleCell.swift */,
				6202162C1CC5BED6003C71EE /* TableViewController.swift */,
			);
			path = Controllers;
			sourceTree = "<group>";
		};
		6202166C1CC5D0D8003C71EE /* Models */ = {
			isa = PBXGroup;
			children = (
				620216601CC5C2BC003C71EE /* CellModelState.swift */,
				6202165E1CC5C13B003C71EE /* PickerViewCellModel.swift */,
				620216681CC5C3CD003C71EE /* SubtitleCellModel.swift */,
			);
			path = Models;
			sourceTree = "<group>";
		};
/* End PBXGroup section */

/* Begin PBXNativeTarget section */
		620216261CC5BED6003C71EE /* InlinePicker */ = {
			isa = PBXNativeTarget;
			buildConfigurationList = 6202164F1CC5BED6003C71EE /* Build configuration list for PBXNativeTarget "InlinePicker" */;
			buildPhases = (
				620216231CC5BED6003C71EE /* Sources */,
				620216241CC5BED6003C71EE /* Frameworks */,
				620216251CC5BED6003C71EE /* Resources */,
			);
			buildRules = (
			);
			dependencies = (
			);
			name = InlinePicker;
			productName = InlinePicker;
			productReference = 620216271CC5BED6003C71EE /* InlinePicker.app */;
			productType = "com.apple.product-type.application";
		};
		6202163A1CC5BED6003C71EE /* InlinePickerTests */ = {
			isa = PBXNativeTarget;
			buildConfigurationList = 620216521CC5BED6003C71EE /* Build configuration list for PBXNativeTarget "InlinePickerTests" */;
			buildPhases = (
				620216371CC5BED6003C71EE /* Sources */,
				620216381CC5BED6003C71EE /* Frameworks */,
				620216391CC5BED6003C71EE /* Resources */,
			);
			buildRules = (
			);
			dependencies = (
				6202163D1CC5BED6003C71EE /* PBXTargetDependency */,
			);
			name = InlinePickerTests;
			productName = InlinePickerTests;
			productReference = 6202163B1CC5BED6003C71EE /* InlinePickerTests.xctest */;
			productType = "com.apple.product-type.bundle.unit-test";
		};
		620216451CC5BED6003C71EE /* InlinePickerUITests */ = {
			isa = PBXNativeTarget;
			buildConfigurationList = 620216551CC5BED6003C71EE /* Build configuration list for PBXNativeTarget "InlinePickerUITests" */;
			buildPhases = (
				620216421CC5BED6003C71EE /* Sources */,
				620216431CC5BED6003C71EE /* Frameworks */,
				620216441CC5BED6003C71EE /* Resources */,
			);
			buildRules = (
			);
			dependencies = (
				620216481CC5BED6003C71EE /* PBXTargetDependency */,
			);
			name = InlinePickerUITests;
			productName = InlinePickerUITests;
			productReference = 620216461CC5BED6003C71EE /* InlinePickerUITests.xctest */;
			productType = "com.apple.product-type.bundle.ui-testing";
		};
/* End PBXNativeTarget section */

/* Begin PBXProject section */
		6202161F1CC5BED6003C71EE /* Project object */ = {
			isa = PBXProject;
			attributes = {
				LastSwiftUpdateCheck = 0730;
				LastUpgradeCheck = 0730;
				ORGANIZATIONNAME = "Alexis Digital";
				TargetAttributes = {
					620216261CC5BED6003C71EE = {
						CreatedOnToolsVersion = 7.3;
					};
					6202163A1CC5BED6003C71EE = {
						CreatedOnToolsVersion = 7.3;
						TestTargetID = 620216261CC5BED6003C71EE;
					};
					620216451CC5BED6003C71EE = {
						CreatedOnToolsVersion = 7.3;
						TestTargetID = 620216261CC5BED6003C71EE;
					};
				};
			};
			buildConfigurationList = 620216221CC5BED6003C71EE /* Build configuration list for PBXProject "InlinePicker" */;
			compatibilityVersion = "Xcode 3.2";
			developmentRegion = English;
			hasScannedForEncodings = 0;
			knownRegions = (
				en,
				Base,
			);
			mainGroup = 6202161E1CC5BED6003C71EE;
			productRefGroup = 620216281CC5BED6003C71EE /* Products */;
			projectDirPath = "";
			projectRoot = "";
			targets = (
				620216261CC5BED6003C71EE /* InlinePicker */,
				6202163A1CC5BED6003C71EE /* InlinePickerTests */,
				620216451CC5BED6003C71EE /* InlinePickerUITests */,
			);
		};
/* End PBXProject section */

/* Begin PBXResourcesBuildPhase section */
		620216251CC5BED6003C71EE /* Resources */ = {
			isa = PBXResourcesBuildPhase;
			buildActionMask = 2147483647;
			files = (
				620216351CC5BED6003C71EE /* LaunchScreen.storyboard in Resources */,
				620216321CC5BED6003C71EE /* Assets.xcassets in Resources */,
				620216301CC5BED6003C71EE /* Main.storyboard in Resources */,
			);
			runOnlyForDeploymentPostprocessing = 0;
		};
		620216391CC5BED6003C71EE /* Resources */ = {
			isa = PBXResourcesBuildPhase;
			buildActionMask = 2147483647;
			files = (
			);
			runOnlyForDeploymentPostprocessing = 0;
		};
		620216441CC5BED6003C71EE /* Resources */ = {
			isa = PBXResourcesBuildPhase;
			buildActionMask = 2147483647;
			files = (
			);
			runOnlyForDeploymentPostprocessing = 0;
		};
/* End PBXResourcesBuildPhase section */

/* Begin PBXSourcesBuildPhase section */
		620216231CC5BED6003C71EE /* Sources */ = {
			isa = PBXSourcesBuildPhase;
			buildActionMask = 2147483647;
			files = (
				36C12AFB1CC68EE100F17929 /* PickerViewDataSource.swift in Sources */,
				6202162D1CC5BED6003C71EE /* TableViewController.swift in Sources */,
				620216671CC5C37B003C71EE /* CellModelType.swift in Sources */,
				620216611CC5C2BC003C71EE /* CellModelState.swift in Sources */,
				6202165F1CC5C13B003C71EE /* PickerViewCellModel.swift in Sources */,
				6202166B1CC5CF37003C71EE /* CellType.swift in Sources */,
				6202162B1CC5BED6003C71EE /* AppDelegate.swift in Sources */,
				36D6430C1CC66F9700E0001C /* TableViewDataSource.swift in Sources */,
				620216691CC5C3CD003C71EE /* SubtitleCellModel.swift in Sources */,
				620216651CC5C31E003C71EE /* SubtitleCell.swift in Sources */,
				6202165D1CC5C121003C71EE /* PickerCell.swift in Sources */,
			);
			runOnlyForDeploymentPostprocessing = 0;
		};
		620216371CC5BED6003C71EE /* Sources */ = {
			isa = PBXSourcesBuildPhase;
			buildActionMask = 2147483647;
			files = (
				360FE5321CC9654900A9A5B8 /* PickerViewDataSourceTests.swift in Sources */,
				360FE52E1CC94DA000A9A5B8 /* TableViewDataSourceTests.swift in Sources */,
				360FE52C1CC943DF00A9A5B8 /* TableViewControllerTests.swift in Sources */,
				36635DED1CD253F900AF5EB3 /* RowSelectionTests.swift in Sources */,
				36635DEF1CD2541400AF5EB3 /* TableViewControllerTestCase.swift in Sources */,
			);
			runOnlyForDeploymentPostprocessing = 0;
		};
		620216421CC5BED6003C71EE /* Sources */ = {
			isa = PBXSourcesBuildPhase;
			buildActionMask = 2147483647;
			files = (
			);
			runOnlyForDeploymentPostprocessing = 0;
		};
/* End PBXSourcesBuildPhase section */

/* Begin PBXTargetDependency section */
		6202163D1CC5BED6003C71EE /* PBXTargetDependency */ = {
			isa = PBXTargetDependency;
			target = 620216261CC5BED6003C71EE /* InlinePicker */;
			targetProxy = 6202163C1CC5BED6003C71EE /* PBXContainerItemProxy */;
		};
		620216481CC5BED6003C71EE /* PBXTargetDependency */ = {
			isa = PBXTargetDependency;
			target = 620216261CC5BED6003C71EE /* InlinePicker */;
			targetProxy = 620216471CC5BED6003C71EE /* PBXContainerItemProxy */;
		};
/* End PBXTargetDependency section */

/* Begin PBXVariantGroup section */
		6202162E1CC5BED6003C71EE /* Main.storyboard */ = {
			isa = PBXVariantGroup;
			children = (
				6202162F1CC5BED6003C71EE /* Base */,
			);
			name = Main.storyboard;
			path = .;
			sourceTree = "<group>";
		};
		620216331CC5BED6003C71EE /* LaunchScreen.storyboard */ = {
			isa = PBXVariantGroup;
			children = (
				620216341CC5BED6003C71EE /* Base */,
			);
			name = LaunchScreen.storyboard;
			path = .;
			sourceTree = "<group>";
		};
/* End PBXVariantGroup section */

/* Begin XCBuildConfiguration section */
		6202164D1CC5BED6003C71EE /* Debug */ = {
			isa = XCBuildConfiguration;
			buildSettings = {
				ALWAYS_SEARCH_USER_PATHS = NO;
				CLANG_ANALYZER_NONNULL = YES;
				CLANG_CXX_LANGUAGE_STANDARD = "gnu++0x";
				CLANG_CXX_LIBRARY = "libc++";
				CLANG_ENABLE_MODULES = YES;
				CLANG_ENABLE_OBJC_ARC = YES;
				CLANG_WARN_BOOL_CONVERSION = YES;
				CLANG_WARN_CONSTANT_CONVERSION = YES;
				CLANG_WARN_DIRECT_OBJC_ISA_USAGE = YES_ERROR;
				CLANG_WARN_EMPTY_BODY = YES;
				CLANG_WARN_ENUM_CONVERSION = YES;
				CLANG_WARN_INT_CONVERSION = YES;
				CLANG_WARN_OBJC_ROOT_CLASS = YES_ERROR;
				CLANG_WARN_UNREACHABLE_CODE = YES;
				CLANG_WARN__DUPLICATE_METHOD_MATCH = YES;
				"CODE_SIGN_IDENTITY[sdk=iphoneos*]" = "iPhone Developer";
				COPY_PHASE_STRIP = NO;
				DEBUG_INFORMATION_FORMAT = dwarf;
				ENABLE_STRICT_OBJC_MSGSEND = YES;
				ENABLE_TESTABILITY = YES;
				GCC_C_LANGUAGE_STANDARD = gnu99;
				GCC_DYNAMIC_NO_PIC = NO;
				GCC_NO_COMMON_BLOCKS = YES;
				GCC_OPTIMIZATION_LEVEL = 0;
				GCC_PREPROCESSOR_DEFINITIONS = (
					"DEBUG=1",
					"$(inherited)",
				);
				GCC_WARN_64_TO_32_BIT_CONVERSION = YES;
				GCC_WARN_ABOUT_RETURN_TYPE = YES_ERROR;
				GCC_WARN_UNDECLARED_SELECTOR = YES;
				GCC_WARN_UNINITIALIZED_AUTOS = YES_AGGRESSIVE;
				GCC_WARN_UNUSED_FUNCTION = YES;
				GCC_WARN_UNUSED_VARIABLE = YES;
				IPHONEOS_DEPLOYMENT_TARGET = 9.3;
				MTL_ENABLE_DEBUG_INFO = YES;
				ONLY_ACTIVE_ARCH = YES;
				SDKROOT = iphoneos;
				SWIFT_OPTIMIZATION_LEVEL = "-Onone";
			};
			name = Debug;
		};
		6202164E1CC5BED6003C71EE /* Release */ = {
			isa = XCBuildConfiguration;
			buildSettings = {
				ALWAYS_SEARCH_USER_PATHS = NO;
				CLANG_ANALYZER_NONNULL = YES;
				CLANG_CXX_LANGUAGE_STANDARD = "gnu++0x";
				CLANG_CXX_LIBRARY = "libc++";
				CLANG_ENABLE_MODULES = YES;
				CLANG_ENABLE_OBJC_ARC = YES;
				CLANG_WARN_BOOL_CONVERSION = YES;
				CLANG_WARN_CONSTANT_CONVERSION = YES;
				CLANG_WARN_DIRECT_OBJC_ISA_USAGE = YES_ERROR;
				CLANG_WARN_EMPTY_BODY = YES;
				CLANG_WARN_ENUM_CONVERSION = YES;
				CLANG_WARN_INT_CONVERSION = YES;
				CLANG_WARN_OBJC_ROOT_CLASS = YES_ERROR;
				CLANG_WARN_UNREACHABLE_CODE = YES;
				CLANG_WARN__DUPLICATE_METHOD_MATCH = YES;
				"CODE_SIGN_IDENTITY[sdk=iphoneos*]" = "iPhone Developer";
				COPY_PHASE_STRIP = NO;
				DEBUG_INFORMATION_FORMAT = "dwarf-with-dsym";
				ENABLE_NS_ASSERTIONS = NO;
				ENABLE_STRICT_OBJC_MSGSEND = YES;
				GCC_C_LANGUAGE_STANDARD = gnu99;
				GCC_NO_COMMON_BLOCKS = YES;
				GCC_WARN_64_TO_32_BIT_CONVERSION = YES;
				GCC_WARN_ABOUT_RETURN_TYPE = YES_ERROR;
				GCC_WARN_UNDECLARED_SELECTOR = YES;
				GCC_WARN_UNINITIALIZED_AUTOS = YES_AGGRESSIVE;
				GCC_WARN_UNUSED_FUNCTION = YES;
				GCC_WARN_UNUSED_VARIABLE = YES;
				IPHONEOS_DEPLOYMENT_TARGET = 9.3;
				MTL_ENABLE_DEBUG_INFO = NO;
				SDKROOT = iphoneos;
				VALIDATE_PRODUCT = YES;
			};
			name = Release;
		};
		620216501CC5BED6003C71EE /* Debug */ = {
			isa = XCBuildConfiguration;
			buildSettings = {
				ASSETCATALOG_COMPILER_APPICON_NAME = AppIcon;
				INFOPLIST_FILE = "$(SRCROOT)/SupportFiles/Info.plist";
				IPHONEOS_DEPLOYMENT_TARGET = 9.3;
				LD_RUNPATH_SEARCH_PATHS = "$(inherited) @executable_path/Frameworks";
				PRODUCT_BUNDLE_IDENTIFIER = com.alexisdigital.InlinePicker;
				PRODUCT_NAME = "$(TARGET_NAME)";
			};
			name = Debug;
		};
		620216511CC5BED6003C71EE /* Release */ = {
			isa = XCBuildConfiguration;
			buildSettings = {
				ASSETCATALOG_COMPILER_APPICON_NAME = AppIcon;
				INFOPLIST_FILE = "$(SRCROOT)/SupportFiles/Info.plist";
				IPHONEOS_DEPLOYMENT_TARGET = 9.3;
				LD_RUNPATH_SEARCH_PATHS = "$(inherited) @executable_path/Frameworks";
				PRODUCT_BUNDLE_IDENTIFIER = com.alexisdigital.InlinePicker;
				PRODUCT_NAME = "$(TARGET_NAME)";
			};
			name = Release;
		};
		620216531CC5BED6003C71EE /* Debug */ = {
			isa = XCBuildConfiguration;
			buildSettings = {
				BUNDLE_LOADER = "$(TEST_HOST)";
				INFOPLIST_FILE = Tests/UnitTests/Info.plist;
				LD_RUNPATH_SEARCH_PATHS = "$(inherited) @executable_path/Frameworks @loader_path/Frameworks";
				PRODUCT_BUNDLE_IDENTIFIER = com.alexisdigital.InlinePickerTests;
				PRODUCT_NAME = "$(TARGET_NAME)";
				TEST_HOST = "$(BUILT_PRODUCTS_DIR)/InlinePicker.app/InlinePicker";
			};
			name = Debug;
		};
		620216541CC5BED6003C71EE /* Release */ = {
			isa = XCBuildConfiguration;
			buildSettings = {
				BUNDLE_LOADER = "$(TEST_HOST)";
				INFOPLIST_FILE = Tests/UnitTests/Info.plist;
				LD_RUNPATH_SEARCH_PATHS = "$(inherited) @executable_path/Frameworks @loader_path/Frameworks";
				PRODUCT_BUNDLE_IDENTIFIER = com.alexisdigital.InlinePickerTests;
				PRODUCT_NAME = "$(TARGET_NAME)";
				TEST_HOST = "$(BUILT_PRODUCTS_DIR)/InlinePicker.app/InlinePicker";
			};
			name = Release;
		};
		620216561CC5BED6003C71EE /* Debug */ = {
			isa = XCBuildConfiguration;
			buildSettings = {
				INFOPLIST_FILE = Tests/UITests/Info.plist;
				LD_RUNPATH_SEARCH_PATHS = "$(inherited) @executable_path/Frameworks @loader_path/Frameworks";
				PRODUCT_BUNDLE_IDENTIFIER = com.alexisdigital.InlinePickerUITests;
				PRODUCT_NAME = "$(TARGET_NAME)";
				TEST_TARGET_NAME = InlinePicker;
			};
			name = Debug;
		};
		620216571CC5BED6003C71EE /* Release */ = {
			isa = XCBuildConfiguration;
			buildSettings = {
				INFOPLIST_FILE = Tests/UITests/Info.plist;
				LD_RUNPATH_SEARCH_PATHS = "$(inherited) @executable_path/Frameworks @loader_path/Frameworks";
				PRODUCT_BUNDLE_IDENTIFIER = com.alexisdigital.InlinePickerUITests;
				PRODUCT_NAME = "$(TARGET_NAME)";
				TEST_TARGET_NAME = InlinePicker;
			};
			name = Release;
		};
/* End XCBuildConfiguration section */

/* Begin XCConfigurationList section */
		620216221CC5BED6003C71EE /* Build configuration list for PBXProject "InlinePicker" */ = {
			isa = XCConfigurationList;
			buildConfigurations = (
				6202164D1CC5BED6003C71EE /* Debug */,
				6202164E1CC5BED6003C71EE /* Release */,
			);
			defaultConfigurationIsVisible = 0;
			defaultConfigurationName = Release;
		};
		6202164F1CC5BED6003C71EE /* Build configuration list for PBXNativeTarget "InlinePicker" */ = {
			isa = XCConfigurationList;
			buildConfigurations = (
				620216501CC5BED6003C71EE /* Debug */,
				620216511CC5BED6003C71EE /* Release */,
			);
			defaultConfigurationIsVisible = 0;
			defaultConfigurationName = Release;
		};
		620216521CC5BED6003C71EE /* Build configuration list for PBXNativeTarget "InlinePickerTests" */ = {
			isa = XCConfigurationList;
			buildConfigurations = (
				620216531CC5BED6003C71EE /* Debug */,
				620216541CC5BED6003C71EE /* Release */,
			);
			defaultConfigurationIsVisible = 0;
			defaultConfigurationName = Release;
		};
		620216551CC5BED6003C71EE /* Build configuration list for PBXNativeTarget "InlinePickerUITests" */ = {
			isa = XCConfigurationList;
			buildConfigurations = (
				620216561CC5BED6003C71EE /* Debug */,
				620216571CC5BED6003C71EE /* Release */,
			);
			defaultConfigurationIsVisible = 0;
			defaultConfigurationName = Release;
		};
/* End XCConfigurationList section */
	};
	rootObject = 6202161F1CC5BED6003C71EE /* Project object */;
}
