<?xml version="1.0" encoding="UTF-8"?>
<!DOCTYPE plist PUBLIC "-//Apple//DTD PLIST 1.0//EN" "http://www.apple.com/DTDs/PropertyList-1.0.dtd">
<plist version="1.0">
<dict>
	<key>archiveVersion</key>
	<string>1</string>
	<key>classes</key>
	<dict/>
	<key>objectVersion</key>
	<string>46</string>
	<key>objects</key>
	<dict>
		<key>6202161E1CC5BED6003C71EE</key>
		<dict>
			<key>children</key>
			<array>
				<string>620216281CC5BED6003C71EE</string>
				<string>6202165A1CC5BF20003C71EE</string>
				<string>620216291CC5BED6003C71EE</string>
				<string>620216591CC5BF15003C71EE</string>
				<string>620216581CC5BF00003C71EE</string>
			</array>
			<key>isa</key>
			<string>PBXGroup</string>
			<key>sourceTree</key>
			<string>&lt;group&gt;</string>
		</dict>
		<key>6202161F1CC5BED6003C71EE</key>
		<dict>
			<key>attributes</key>
			<dict>
				<key>LastSwiftUpdateCheck</key>
				<string>0730</string>
				<key>LastUpgradeCheck</key>
				<string>0730</string>
				<key>ORGANIZATIONNAME</key>
				<string>Alexis Digital</string>
				<key>TargetAttributes</key>
				<dict>
					<key>620216261CC5BED6003C71EE</key>
					<dict>
						<key>CreatedOnToolsVersion</key>
						<string>7.3</string>
					</dict>
					<key>6202163A1CC5BED6003C71EE</key>
					<dict>
						<key>CreatedOnToolsVersion</key>
						<string>7.3</string>
						<key>TestTargetID</key>
						<string>620216261CC5BED6003C71EE</string>
					</dict>
					<key>620216451CC5BED6003C71EE</key>
					<dict>
						<key>CreatedOnToolsVersion</key>
						<string>7.3</string>
						<key>TestTargetID</key>
						<string>620216261CC5BED6003C71EE</string>
					</dict>
				</dict>
			</dict>
			<key>buildConfigurationList</key>
			<string>620216221CC5BED6003C71EE</string>
			<key>compatibilityVersion</key>
			<string>Xcode 3.2</string>
			<key>developmentRegion</key>
			<string>English</string>
			<key>hasScannedForEncodings</key>
			<string>0</string>
			<key>isa</key>
			<string>PBXProject</string>
			<key>knownRegions</key>
			<array>
				<string>en</string>
				<string>Base</string>
			</array>
			<key>mainGroup</key>
			<string>6202161E1CC5BED6003C71EE</string>
			<key>productRefGroup</key>
			<string>620216281CC5BED6003C71EE</string>
			<key>projectDirPath</key>
			<string></string>
			<key>projectReferences</key>
			<array/>
			<key>projectRoot</key>
			<string></string>
			<key>targets</key>
			<array>
				<string>620216261CC5BED6003C71EE</string>
				<string>6202163A1CC5BED6003C71EE</string>
				<string>620216451CC5BED6003C71EE</string>
			</array>
		</dict>
		<key>620216221CC5BED6003C71EE</key>
		<dict>
			<key>buildConfigurations</key>
			<array>
				<string>6202164D1CC5BED6003C71EE</string>
				<string>6202164E1CC5BED6003C71EE</string>
			</array>
			<key>defaultConfigurationIsVisible</key>
			<string>0</string>
			<key>defaultConfigurationName</key>
			<string>Release</string>
			<key>isa</key>
			<string>XCConfigurationList</string>
		</dict>
		<key>620216231CC5BED6003C71EE</key>
		<dict>
			<key>buildActionMask</key>
			<string>2147483647</string>
			<key>files</key>
			<array>
				<string>6202162D1CC5BED6003C71EE</string>
				<string>620216671CC5C37B003C71EE</string>
				<string>620216611CC5C2BC003C71EE</string>
				<string>6202165F1CC5C13B003C71EE</string>
				<string>6202166B1CC5CF37003C71EE</string>
				<string>6202162B1CC5BED6003C71EE</string>
				<string>620216691CC5C3CD003C71EE</string>
				<string>620216651CC5C31E003C71EE</string>
				<string>6202165D1CC5C121003C71EE</string>
			</array>
			<key>isa</key>
			<string>PBXSourcesBuildPhase</string>
			<key>runOnlyForDeploymentPostprocessing</key>
			<string>0</string>
		</dict>
		<key>620216241CC5BED6003C71EE</key>
		<dict>
			<key>buildActionMask</key>
			<string>2147483647</string>
			<key>files</key>
			<array/>
			<key>isa</key>
			<string>PBXFrameworksBuildPhase</string>
			<key>runOnlyForDeploymentPostprocessing</key>
			<string>0</string>
		</dict>
		<key>620216251CC5BED6003C71EE</key>
		<dict>
			<key>buildActionMask</key>
			<string>2147483647</string>
			<key>files</key>
			<array>
				<string>620216351CC5BED6003C71EE</string>
				<string>620216321CC5BED6003C71EE</string>
				<string>620216301CC5BED6003C71EE</string>
			</array>
			<key>isa</key>
			<string>PBXResourcesBuildPhase</string>
			<key>runOnlyForDeploymentPostprocessing</key>
			<string>0</string>
		</dict>
		<key>620216261CC5BED6003C71EE</key>
		<dict>
			<key>buildConfigurationList</key>
			<string>6202164F1CC5BED6003C71EE</string>
			<key>buildPhases</key>
			<array>
				<string>620216231CC5BED6003C71EE</string>
				<string>620216241CC5BED6003C71EE</string>
				<string>620216251CC5BED6003C71EE</string>
			</array>
			<key>buildRules</key>
			<array/>
			<key>dependencies</key>
			<array/>
			<key>isa</key>
			<string>PBXNativeTarget</string>
			<key>name</key>
			<string>InlinePicker</string>
			<key>productName</key>
			<string>InlinePicker</string>
			<key>productReference</key>
			<string>620216271CC5BED6003C71EE</string>
			<key>productType</key>
			<string>com.apple.product-type.application</string>
		</dict>
		<key>620216271CC5BED6003C71EE</key>
		<dict>
			<key>explicitFileType</key>
			<string>wrapper.application</string>
			<key>includeInIndex</key>
			<string>0</string>
			<key>isa</key>
			<string>PBXFileReference</string>
			<key>path</key>
			<string>InlinePicker.app</string>
			<key>sourceTree</key>
			<string>BUILT_PRODUCTS_DIR</string>
		</dict>
		<key>620216281CC5BED6003C71EE</key>
		<dict>
			<key>children</key>
			<array>
				<string>620216271CC5BED6003C71EE</string>
				<string>6202163B1CC5BED6003C71EE</string>
				<string>620216461CC5BED6003C71EE</string>
			</array>
			<key>isa</key>
			<string>PBXGroup</string>
			<key>name</key>
			<string>Products</string>
			<key>sourceTree</key>
			<string>&lt;group&gt;</string>
		</dict>
		<key>620216291CC5BED6003C71EE</key>
		<dict>
			<key>children</key>
			<array>
				<string>6202165B1CC5C107003C71EE</string>
				<string>6202166C1CC5D0D8003C71EE</string>
				<string>6202162A1CC5BED6003C71EE</string>
				<string>620216601CC5C2BC003C71EE</string>
				<string>620216661CC5C37B003C71EE</string>
				<string>6202166A1CC5CF37003C71EE</string>
			</array>
			<key>isa</key>
			<string>PBXGroup</string>
			<key>path</key>
			<string>Source</string>
			<key>sourceTree</key>
			<string>&lt;group&gt;</string>
		</dict>
		<key>6202162A1CC5BED6003C71EE</key>
		<dict>
			<key>isa</key>
			<string>PBXFileReference</string>
			<key>lastKnownFileType</key>
			<string>sourcecode.swift</string>
			<key>path</key>
			<string>AppDelegate.swift</string>
			<key>sourceTree</key>
			<string>&lt;group&gt;</string>
		</dict>
		<key>6202162B1CC5BED6003C71EE</key>
		<dict>
			<key>fileRef</key>
			<string>6202162A1CC5BED6003C71EE</string>
			<key>isa</key>
			<string>PBXBuildFile</string>
		</dict>
		<key>6202162C1CC5BED6003C71EE</key>
		<dict>
			<key>isa</key>
			<string>PBXFileReference</string>
			<key>lastKnownFileType</key>
			<string>sourcecode.swift</string>
			<key>path</key>
			<string>TableViewController.swift</string>
			<key>sourceTree</key>
			<string>&lt;group&gt;</string>
		</dict>
		<key>6202162D1CC5BED6003C71EE</key>
		<dict>
			<key>fileRef</key>
			<string>6202162C1CC5BED6003C71EE</string>
			<key>isa</key>
			<string>PBXBuildFile</string>
		</dict>
		<key>6202162E1CC5BED6003C71EE</key>
		<dict>
			<key>children</key>
			<array>
				<string>6202162F1CC5BED6003C71EE</string>
			</array>
			<key>isa</key>
			<string>PBXVariantGroup</string>
			<key>name</key>
			<string>Main.storyboard</string>
			<key>path</key>
			<string>.</string>
			<key>sourceTree</key>
			<string>&lt;group&gt;</string>
		</dict>
		<key>6202162F1CC5BED6003C71EE</key>
		<dict>
			<key>isa</key>
			<string>PBXFileReference</string>
			<key>lastKnownFileType</key>
			<string>file.storyboard</string>
			<key>name</key>
			<string>Base</string>
			<key>path</key>
			<string>Base.lproj/Main.storyboard</string>
			<key>sourceTree</key>
			<string>&lt;group&gt;</string>
		</dict>
		<key>620216301CC5BED6003C71EE</key>
		<dict>
			<key>fileRef</key>
			<string>6202162E1CC5BED6003C71EE</string>
			<key>isa</key>
			<string>PBXBuildFile</string>
		</dict>
		<key>620216311CC5BED6003C71EE</key>
		<dict>
			<key>isa</key>
			<string>PBXFileReference</string>
			<key>lastKnownFileType</key>
			<string>folder.assetcatalog</string>
			<key>path</key>
			<string>Assets.xcassets</string>
			<key>sourceTree</key>
			<string>&lt;group&gt;</string>
		</dict>
		<key>620216321CC5BED6003C71EE</key>
		<dict>
			<key>fileRef</key>
			<string>620216311CC5BED6003C71EE</string>
			<key>isa</key>
			<string>PBXBuildFile</string>
		</dict>
		<key>620216331CC5BED6003C71EE</key>
		<dict>
			<key>children</key>
			<array>
				<string>620216341CC5BED6003C71EE</string>
			</array>
			<key>isa</key>
			<string>PBXVariantGroup</string>
			<key>name</key>
			<string>LaunchScreen.storyboard</string>
			<key>path</key>
			<string>.</string>
			<key>sourceTree</key>
			<string>&lt;group&gt;</string>
		</dict>
		<key>620216341CC5BED6003C71EE</key>
		<dict>
			<key>isa</key>
			<string>PBXFileReference</string>
			<key>lastKnownFileType</key>
			<string>file.storyboard</string>
			<key>name</key>
			<string>Base</string>
			<key>path</key>
			<string>Base.lproj/LaunchScreen.storyboard</string>
			<key>sourceTree</key>
			<string>&lt;group&gt;</string>
		</dict>
		<key>620216351CC5BED6003C71EE</key>
		<dict>
			<key>fileRef</key>
			<string>620216331CC5BED6003C71EE</string>
			<key>isa</key>
			<string>PBXBuildFile</string>
		</dict>
		<key>620216361CC5BED6003C71EE</key>
		<dict>
			<key>isa</key>
			<string>PBXFileReference</string>
			<key>lastKnownFileType</key>
			<string>text.plist.xml</string>
			<key>path</key>
			<string>Info.plist</string>
			<key>sourceTree</key>
			<string>&lt;group&gt;</string>
		</dict>
		<key>620216371CC5BED6003C71EE</key>
		<dict>
			<key>buildActionMask</key>
			<string>2147483647</string>
			<key>files</key>
			<array>
				<string>620216401CC5BED6003C71EE</string>
			</array>
			<key>isa</key>
			<string>PBXSourcesBuildPhase</string>
			<key>runOnlyForDeploymentPostprocessing</key>
			<string>0</string>
		</dict>
		<key>620216381CC5BED6003C71EE</key>
		<dict>
			<key>buildActionMask</key>
			<string>2147483647</string>
			<key>files</key>
			<array/>
			<key>isa</key>
			<string>PBXFrameworksBuildPhase</string>
			<key>runOnlyForDeploymentPostprocessing</key>
			<string>0</string>
		</dict>
		<key>620216391CC5BED6003C71EE</key>
		<dict>
			<key>buildActionMask</key>
			<string>2147483647</string>
			<key>files</key>
			<array/>
			<key>isa</key>
			<string>PBXResourcesBuildPhase</string>
			<key>runOnlyForDeploymentPostprocessing</key>
			<string>0</string>
		</dict>
		<key>6202163A1CC5BED6003C71EE</key>
		<dict>
			<key>buildConfigurationList</key>
			<string>620216521CC5BED6003C71EE</string>
			<key>buildPhases</key>
			<array>
				<string>620216371CC5BED6003C71EE</string>
				<string>620216381CC5BED6003C71EE</string>
				<string>620216391CC5BED6003C71EE</string>
			</array>
			<key>buildRules</key>
			<array/>
			<key>dependencies</key>
			<array>
				<string>6202163D1CC5BED6003C71EE</string>
			</array>
			<key>isa</key>
			<string>PBXNativeTarget</string>
			<key>name</key>
			<string>InlinePickerTests</string>
			<key>productName</key>
			<string>InlinePickerTests</string>
			<key>productReference</key>
			<string>6202163B1CC5BED6003C71EE</string>
			<key>productType</key>
			<string>com.apple.product-type.bundle.unit-test</string>
		</dict>
		<key>6202163B1CC5BED6003C71EE</key>
		<dict>
			<key>explicitFileType</key>
			<string>wrapper.cfbundle</string>
			<key>includeInIndex</key>
			<string>0</string>
			<key>isa</key>
			<string>PBXFileReference</string>
			<key>path</key>
			<string>InlinePickerTests.xctest</string>
			<key>sourceTree</key>
			<string>BUILT_PRODUCTS_DIR</string>
		</dict>
		<key>6202163C1CC5BED6003C71EE</key>
		<dict>
			<key>containerPortal</key>
			<string>6202161F1CC5BED6003C71EE</string>
			<key>isa</key>
			<string>PBXContainerItemProxy</string>
			<key>proxyType</key>
			<string>1</string>
			<key>remoteGlobalIDString</key>
			<string>620216261CC5BED6003C71EE</string>
			<key>remoteInfo</key>
			<string>InlinePicker</string>
		</dict>
		<key>6202163D1CC5BED6003C71EE</key>
		<dict>
			<key>isa</key>
			<string>PBXTargetDependency</string>
			<key>target</key>
			<string>620216261CC5BED6003C71EE</string>
			<key>targetProxy</key>
			<string>6202163C1CC5BED6003C71EE</string>
		</dict>
		<key>6202163E1CC5BED6003C71EE</key>
		<dict>
			<key>children</key>
			<array>
				<string>620216411CC5BED6003C71EE</string>
				<string>6202163F1CC5BED6003C71EE</string>
			</array>
			<key>isa</key>
			<string>PBXGroup</string>
			<key>path</key>
			<string>UnitTests</string>
			<key>sourceTree</key>
			<string>&lt;group&gt;</string>
		</dict>
		<key>6202163F1CC5BED6003C71EE</key>
		<dict>
			<key>isa</key>
			<string>PBXFileReference</string>
			<key>lastKnownFileType</key>
			<string>sourcecode.swift</string>
			<key>path</key>
			<string>InlinePickerTests.swift</string>
			<key>sourceTree</key>
			<string>&lt;group&gt;</string>
		</dict>
		<key>620216401CC5BED6003C71EE</key>
		<dict>
			<key>fileRef</key>
			<string>6202163F1CC5BED6003C71EE</string>
			<key>isa</key>
			<string>PBXBuildFile</string>
		</dict>
		<key>620216411CC5BED6003C71EE</key>
		<dict>
			<key>isa</key>
			<string>PBXFileReference</string>
			<key>lastKnownFileType</key>
			<string>text.plist.xml</string>
			<key>path</key>
			<string>Info.plist</string>
			<key>sourceTree</key>
			<string>&lt;group&gt;</string>
		</dict>
		<key>620216421CC5BED6003C71EE</key>
		<dict>
			<key>buildActionMask</key>
			<string>2147483647</string>
			<key>files</key>
			<array>
				<string>6202164B1CC5BED6003C71EE</string>
			</array>
			<key>isa</key>
			<string>PBXSourcesBuildPhase</string>
			<key>runOnlyForDeploymentPostprocessing</key>
			<string>0</string>
		</dict>
		<key>620216431CC5BED6003C71EE</key>
		<dict>
			<key>buildActionMask</key>
			<string>2147483647</string>
			<key>files</key>
			<array/>
			<key>isa</key>
			<string>PBXFrameworksBuildPhase</string>
			<key>runOnlyForDeploymentPostprocessing</key>
			<string>0</string>
		</dict>
		<key>620216441CC5BED6003C71EE</key>
		<dict>
			<key>buildActionMask</key>
			<string>2147483647</string>
			<key>files</key>
			<array/>
			<key>isa</key>
			<string>PBXResourcesBuildPhase</string>
			<key>runOnlyForDeploymentPostprocessing</key>
			<string>0</string>
		</dict>
		<key>620216451CC5BED6003C71EE</key>
		<dict>
			<key>buildConfigurationList</key>
			<string>620216551CC5BED6003C71EE</string>
			<key>buildPhases</key>
			<array>
				<string>620216421CC5BED6003C71EE</string>
				<string>620216431CC5BED6003C71EE</string>
				<string>620216441CC5BED6003C71EE</string>
			</array>
			<key>buildRules</key>
			<array/>
			<key>dependencies</key>
			<array>
				<string>620216481CC5BED6003C71EE</string>
			</array>
			<key>isa</key>
			<string>PBXNativeTarget</string>
			<key>name</key>
			<string>InlinePickerUITests</string>
			<key>productName</key>
			<string>InlinePickerUITests</string>
			<key>productReference</key>
			<string>620216461CC5BED6003C71EE</string>
			<key>productType</key>
			<string>com.apple.product-type.bundle.ui-testing</string>
		</dict>
		<key>620216461CC5BED6003C71EE</key>
		<dict>
			<key>explicitFileType</key>
			<string>wrapper.cfbundle</string>
			<key>includeInIndex</key>
			<string>0</string>
			<key>isa</key>
			<string>PBXFileReference</string>
			<key>path</key>
			<string>InlinePickerUITests.xctest</string>
			<key>sourceTree</key>
			<string>BUILT_PRODUCTS_DIR</string>
		</dict>
		<key>620216471CC5BED6003C71EE</key>
		<dict>
			<key>containerPortal</key>
			<string>6202161F1CC5BED6003C71EE</string>
			<key>isa</key>
			<string>PBXContainerItemProxy</string>
			<key>proxyType</key>
			<string>1</string>
			<key>remoteGlobalIDString</key>
			<string>620216261CC5BED6003C71EE</string>
			<key>remoteInfo</key>
			<string>InlinePicker</string>
		</dict>
		<key>620216481CC5BED6003C71EE</key>
		<dict>
			<key>isa</key>
			<string>PBXTargetDependency</string>
			<key>target</key>
			<string>620216261CC5BED6003C71EE</string>
			<key>targetProxy</key>
			<string>620216471CC5BED6003C71EE</string>
		</dict>
		<key>620216491CC5BED6003C71EE</key>
		<dict>
			<key>children</key>
			<array>
				<string>6202164C1CC5BED6003C71EE</string>
				<string>6202164A1CC5BED6003C71EE</string>
			</array>
			<key>isa</key>
			<string>PBXGroup</string>
			<key>path</key>
			<string>UITests</string>
			<key>sourceTree</key>
			<string>&lt;group&gt;</string>
		</dict>
		<key>6202164A1CC5BED6003C71EE</key>
		<dict>
			<key>isa</key>
			<string>PBXFileReference</string>
			<key>lastKnownFileType</key>
			<string>sourcecode.swift</string>
			<key>path</key>
			<string>InlinePickerUITests.swift</string>
			<key>sourceTree</key>
			<string>&lt;group&gt;</string>
		</dict>
		<key>6202164B1CC5BED6003C71EE</key>
		<dict>
			<key>fileRef</key>
			<string>6202164A1CC5BED6003C71EE</string>
			<key>isa</key>
			<string>PBXBuildFile</string>
		</dict>
		<key>6202164C1CC5BED6003C71EE</key>
		<dict>
			<key>isa</key>
			<string>PBXFileReference</string>
			<key>lastKnownFileType</key>
			<string>text.plist.xml</string>
			<key>path</key>
			<string>Info.plist</string>
			<key>sourceTree</key>
			<string>&lt;group&gt;</string>
		</dict>
		<key>6202164D1CC5BED6003C71EE</key>
		<dict>
			<key>buildSettings</key>
			<dict>
				<key>ALWAYS_SEARCH_USER_PATHS</key>
				<string>NO</string>
				<key>CLANG_ANALYZER_NONNULL</key>
				<string>YES</string>
				<key>CLANG_CXX_LANGUAGE_STANDARD</key>
				<string>gnu++0x</string>
				<key>CLANG_CXX_LIBRARY</key>
				<string>libc++</string>
				<key>CLANG_ENABLE_MODULES</key>
				<string>YES</string>
				<key>CLANG_ENABLE_OBJC_ARC</key>
				<string>YES</string>
				<key>CLANG_WARN_BOOL_CONVERSION</key>
				<string>YES</string>
				<key>CLANG_WARN_CONSTANT_CONVERSION</key>
				<string>YES</string>
				<key>CLANG_WARN_DIRECT_OBJC_ISA_USAGE</key>
				<string>YES_ERROR</string>
				<key>CLANG_WARN_EMPTY_BODY</key>
				<string>YES</string>
				<key>CLANG_WARN_ENUM_CONVERSION</key>
				<string>YES</string>
				<key>CLANG_WARN_INT_CONVERSION</key>
				<string>YES</string>
				<key>CLANG_WARN_OBJC_ROOT_CLASS</key>
				<string>YES_ERROR</string>
				<key>CLANG_WARN_UNREACHABLE_CODE</key>
				<string>YES</string>
				<key>CLANG_WARN__DUPLICATE_METHOD_MATCH</key>
				<string>YES</string>
				<key>CODE_SIGN_IDENTITY[sdk=iphoneos*]</key>
				<string>iPhone Developer</string>
				<key>COPY_PHASE_STRIP</key>
				<string>NO</string>
				<key>DEBUG_INFORMATION_FORMAT</key>
				<string>dwarf</string>
				<key>ENABLE_STRICT_OBJC_MSGSEND</key>
				<string>YES</string>
				<key>ENABLE_TESTABILITY</key>
				<string>YES</string>
				<key>GCC_C_LANGUAGE_STANDARD</key>
				<string>gnu99</string>
				<key>GCC_DYNAMIC_NO_PIC</key>
				<string>NO</string>
				<key>GCC_NO_COMMON_BLOCKS</key>
				<string>YES</string>
				<key>GCC_OPTIMIZATION_LEVEL</key>
				<string>0</string>
				<key>GCC_PREPROCESSOR_DEFINITIONS</key>
				<array>
					<string>DEBUG=1</string>
					<string>$(inherited)</string>
				</array>
				<key>GCC_WARN_64_TO_32_BIT_CONVERSION</key>
				<string>YES</string>
				<key>GCC_WARN_ABOUT_RETURN_TYPE</key>
				<string>YES_ERROR</string>
				<key>GCC_WARN_UNDECLARED_SELECTOR</key>
				<string>YES</string>
				<key>GCC_WARN_UNINITIALIZED_AUTOS</key>
				<string>YES_AGGRESSIVE</string>
				<key>GCC_WARN_UNUSED_FUNCTION</key>
				<string>YES</string>
				<key>GCC_WARN_UNUSED_VARIABLE</key>
				<string>YES</string>
				<key>IPHONEOS_DEPLOYMENT_TARGET</key>
				<string>9.3</string>
				<key>MTL_ENABLE_DEBUG_INFO</key>
				<string>YES</string>
				<key>ONLY_ACTIVE_ARCH</key>
				<string>YES</string>
				<key>SDKROOT</key>
				<string>iphoneos</string>
				<key>SWIFT_OPTIMIZATION_LEVEL</key>
				<string>-Onone</string>
			</dict>
			<key>isa</key>
			<string>XCBuildConfiguration</string>
			<key>name</key>
			<string>Debug</string>
		</dict>
		<key>6202164E1CC5BED6003C71EE</key>
		<dict>
			<key>buildSettings</key>
			<dict>
				<key>ALWAYS_SEARCH_USER_PATHS</key>
				<string>NO</string>
				<key>CLANG_ANALYZER_NONNULL</key>
				<string>YES</string>
				<key>CLANG_CXX_LANGUAGE_STANDARD</key>
				<string>gnu++0x</string>
				<key>CLANG_CXX_LIBRARY</key>
				<string>libc++</string>
				<key>CLANG_ENABLE_MODULES</key>
				<string>YES</string>
				<key>CLANG_ENABLE_OBJC_ARC</key>
				<string>YES</string>
				<key>CLANG_WARN_BOOL_CONVERSION</key>
				<string>YES</string>
				<key>CLANG_WARN_CONSTANT_CONVERSION</key>
				<string>YES</string>
				<key>CLANG_WARN_DIRECT_OBJC_ISA_USAGE</key>
				<string>YES_ERROR</string>
				<key>CLANG_WARN_EMPTY_BODY</key>
				<string>YES</string>
				<key>CLANG_WARN_ENUM_CONVERSION</key>
				<string>YES</string>
				<key>CLANG_WARN_INT_CONVERSION</key>
				<string>YES</string>
				<key>CLANG_WARN_OBJC_ROOT_CLASS</key>
				<string>YES_ERROR</string>
				<key>CLANG_WARN_UNREACHABLE_CODE</key>
				<string>YES</string>
				<key>CLANG_WARN__DUPLICATE_METHOD_MATCH</key>
				<string>YES</string>
				<key>CODE_SIGN_IDENTITY[sdk=iphoneos*]</key>
				<string>iPhone Developer</string>
				<key>COPY_PHASE_STRIP</key>
				<string>NO</string>
				<key>DEBUG_INFORMATION_FORMAT</key>
				<string>dwarf-with-dsym</string>
				<key>ENABLE_NS_ASSERTIONS</key>
				<string>NO</string>
				<key>ENABLE_STRICT_OBJC_MSGSEND</key>
				<string>YES</string>
				<key>GCC_C_LANGUAGE_STANDARD</key>
				<string>gnu99</string>
				<key>GCC_NO_COMMON_BLOCKS</key>
				<string>YES</string>
				<key>GCC_WARN_64_TO_32_BIT_CONVERSION</key>
				<string>YES</string>
				<key>GCC_WARN_ABOUT_RETURN_TYPE</key>
				<string>YES_ERROR</string>
				<key>GCC_WARN_UNDECLARED_SELECTOR</key>
				<string>YES</string>
				<key>GCC_WARN_UNINITIALIZED_AUTOS</key>
				<string>YES_AGGRESSIVE</string>
				<key>GCC_WARN_UNUSED_FUNCTION</key>
				<string>YES</string>
				<key>GCC_WARN_UNUSED_VARIABLE</key>
				<string>YES</string>
				<key>IPHONEOS_DEPLOYMENT_TARGET</key>
				<string>9.3</string>
				<key>MTL_ENABLE_DEBUG_INFO</key>
				<string>NO</string>
				<key>SDKROOT</key>
				<string>iphoneos</string>
				<key>VALIDATE_PRODUCT</key>
				<string>YES</string>
			</dict>
			<key>isa</key>
			<string>XCBuildConfiguration</string>
			<key>name</key>
			<string>Release</string>
		</dict>
		<key>6202164F1CC5BED6003C71EE</key>
		<dict>
			<key>buildConfigurations</key>
			<array>
				<string>620216501CC5BED6003C71EE</string>
				<string>620216511CC5BED6003C71EE</string>
			</array>
			<key>defaultConfigurationIsVisible</key>
			<string>0</string>
			<key>defaultConfigurationName</key>
			<string>Release</string>
			<key>isa</key>
			<string>XCConfigurationList</string>
		</dict>
		<key>620216501CC5BED6003C71EE</key>
		<dict>
			<key>buildSettings</key>
			<dict>
				<key>ASSETCATALOG_COMPILER_APPICON_NAME</key>
				<string>AppIcon</string>
				<key>INFOPLIST_FILE</key>
				<string>$(SRCROOT)/SupportFiles/Info.plist</string>
				<key>IPHONEOS_DEPLOYMENT_TARGET</key>
				<string>9.3</string>
				<key>LD_RUNPATH_SEARCH_PATHS</key>
				<string>$(inherited) @executable_path/Frameworks</string>
				<key>PRODUCT_BUNDLE_IDENTIFIER</key>
				<string>com.alexisdigital.InlinePicker</string>
				<key>PRODUCT_NAME</key>
				<string>$(TARGET_NAME)</string>
			</dict>
			<key>isa</key>
			<string>XCBuildConfiguration</string>
			<key>name</key>
			<string>Debug</string>
		</dict>
		<key>620216511CC5BED6003C71EE</key>
		<dict>
			<key>buildSettings</key>
			<dict>
				<key>ASSETCATALOG_COMPILER_APPICON_NAME</key>
				<string>AppIcon</string>
				<key>INFOPLIST_FILE</key>
				<string>$(SRCROOT)/SupportFiles/Info.plist</string>
				<key>IPHONEOS_DEPLOYMENT_TARGET</key>
				<string>9.3</string>
				<key>LD_RUNPATH_SEARCH_PATHS</key>
				<string>$(inherited) @executable_path/Frameworks</string>
				<key>PRODUCT_BUNDLE_IDENTIFIER</key>
				<string>com.alexisdigital.InlinePicker</string>
				<key>PRODUCT_NAME</key>
				<string>$(TARGET_NAME)</string>
			</dict>
			<key>isa</key>
			<string>XCBuildConfiguration</string>
			<key>name</key>
			<string>Release</string>
		</dict>
		<key>620216521CC5BED6003C71EE</key>
		<dict>
			<key>buildConfigurations</key>
			<array>
				<string>620216531CC5BED6003C71EE</string>
				<string>620216541CC5BED6003C71EE</string>
			</array>
			<key>defaultConfigurationIsVisible</key>
			<string>0</string>
			<key>defaultConfigurationName</key>
			<string>Release</string>
			<key>isa</key>
			<string>XCConfigurationList</string>
		</dict>
		<key>620216531CC5BED6003C71EE</key>
		<dict>
			<key>buildSettings</key>
			<dict>
				<key>BUNDLE_LOADER</key>
				<string>$(TEST_HOST)</string>
				<key>INFOPLIST_FILE</key>
				<string>Tests/UnitTests/Info.plist</string>
				<key>LD_RUNPATH_SEARCH_PATHS</key>
				<string>$(inherited) @executable_path/Frameworks @loader_path/Frameworks</string>
				<key>PRODUCT_BUNDLE_IDENTIFIER</key>
				<string>com.alexisdigital.InlinePickerTests</string>
				<key>PRODUCT_NAME</key>
				<string>$(TARGET_NAME)</string>
				<key>TEST_HOST</key>
				<string>$(BUILT_PRODUCTS_DIR)/InlinePicker.app/InlinePicker</string>
			</dict>
			<key>isa</key>
			<string>XCBuildConfiguration</string>
			<key>name</key>
			<string>Debug</string>
		</dict>
		<key>620216541CC5BED6003C71EE</key>
		<dict>
			<key>buildSettings</key>
			<dict>
				<key>BUNDLE_LOADER</key>
				<string>$(TEST_HOST)</string>
				<key>INFOPLIST_FILE</key>
				<string>Tests/UnitTests/Info.plist</string>
				<key>LD_RUNPATH_SEARCH_PATHS</key>
				<string>$(inherited) @executable_path/Frameworks @loader_path/Frameworks</string>
				<key>PRODUCT_BUNDLE_IDENTIFIER</key>
				<string>com.alexisdigital.InlinePickerTests</string>
				<key>PRODUCT_NAME</key>
				<string>$(TARGET_NAME)</string>
				<key>TEST_HOST</key>
				<string>$(BUILT_PRODUCTS_DIR)/InlinePicker.app/InlinePicker</string>
			</dict>
			<key>isa</key>
			<string>XCBuildConfiguration</string>
			<key>name</key>
			<string>Release</string>
		</dict>
		<key>620216551CC5BED6003C71EE</key>
		<dict>
			<key>buildConfigurations</key>
			<array>
				<string>620216561CC5BED6003C71EE</string>
				<string>620216571CC5BED6003C71EE</string>
			</array>
			<key>defaultConfigurationIsVisible</key>
			<string>0</string>
			<key>defaultConfigurationName</key>
			<string>Release</string>
			<key>isa</key>
			<string>XCConfigurationList</string>
		</dict>
		<key>620216561CC5BED6003C71EE</key>
		<dict>
			<key>buildSettings</key>
			<dict>
				<key>INFOPLIST_FILE</key>
				<string>Tests/UITests/Info.plist</string>
				<key>LD_RUNPATH_SEARCH_PATHS</key>
				<string>$(inherited) @executable_path/Frameworks @loader_path/Frameworks</string>
				<key>PRODUCT_BUNDLE_IDENTIFIER</key>
				<string>com.alexisdigital.InlinePickerUITests</string>
				<key>PRODUCT_NAME</key>
				<string>$(TARGET_NAME)</string>
				<key>TEST_TARGET_NAME</key>
				<string>InlinePicker</string>
			</dict>
			<key>isa</key>
			<string>XCBuildConfiguration</string>
			<key>name</key>
			<string>Debug</string>
		</dict>
		<key>620216571CC5BED6003C71EE</key>
		<dict>
			<key>buildSettings</key>
			<dict>
				<key>INFOPLIST_FILE</key>
				<string>Tests/UITests/Info.plist</string>
				<key>LD_RUNPATH_SEARCH_PATHS</key>
				<string>$(inherited) @executable_path/Frameworks @loader_path/Frameworks</string>
				<key>PRODUCT_BUNDLE_IDENTIFIER</key>
				<string>com.alexisdigital.InlinePickerUITests</string>
				<key>PRODUCT_NAME</key>
				<string>$(TARGET_NAME)</string>
				<key>TEST_TARGET_NAME</key>
				<string>InlinePicker</string>
			</dict>
			<key>isa</key>
			<string>XCBuildConfiguration</string>
			<key>name</key>
			<string>Release</string>
		</dict>
		<key>620216581CC5BF00003C71EE</key>
		<dict>
			<key>children</key>
			<array>
				<string>620216491CC5BED6003C71EE</string>
				<string>6202163E1CC5BED6003C71EE</string>
			</array>
			<key>isa</key>
			<string>PBXGroup</string>
			<key>path</key>
			<string>Tests</string>
			<key>sourceTree</key>
			<string>&lt;group&gt;</string>
		</dict>
		<key>620216591CC5BF15003C71EE</key>
		<dict>
			<key>children</key>
			<array>
				<string>620216361CC5BED6003C71EE</string>
			</array>
			<key>isa</key>
			<string>PBXGroup</string>
			<key>path</key>
			<string>SupportFiles</string>
			<key>sourceTree</key>
			<string>&lt;group&gt;</string>
		</dict>
		<key>6202165A1CC5BF20003C71EE</key>
		<dict>
			<key>children</key>
			<array>
				<string>620216311CC5BED6003C71EE</string>
				<string>620216331CC5BED6003C71EE</string>
				<string>6202162E1CC5BED6003C71EE</string>
			</array>
			<key>isa</key>
			<string>PBXGroup</string>
			<key>path</key>
			<string>Resources</string>
			<key>sourceTree</key>
			<string>&lt;group&gt;</string>
		</dict>
		<key>6202165B1CC5C107003C71EE</key>
		<dict>
			<key>children</key>
			<array>
				<string>6202165C1CC5C121003C71EE</string>
				<string>620216641CC5C31E003C71EE</string>
				<string>6202162C1CC5BED6003C71EE</string>
			</array>
			<key>isa</key>
			<string>PBXGroup</string>
			<key>name</key>
			<string>Controllers</string>
			<key>path</key>
			<string>Controllers</string>
			<key>sourceTree</key>
			<string>&lt;group&gt;</string>
		</dict>
		<key>6202165C1CC5C121003C71EE</key>
		<dict>
			<key>fileEncoding</key>
			<string>4</string>
			<key>isa</key>
			<string>PBXFileReference</string>
			<key>lastKnownFileType</key>
			<string>sourcecode.swift</string>
			<key>path</key>
			<string>PickerCell.swift</string>
			<key>sourceTree</key>
			<string>&lt;group&gt;</string>
		</dict>
		<key>6202165D1CC5C121003C71EE</key>
		<dict>
			<key>fileRef</key>
			<string>6202165C1CC5C121003C71EE</string>
			<key>isa</key>
			<string>PBXBuildFile</string>
		</dict>
		<key>6202165E1CC5C13B003C71EE</key>
		<dict>
			<key>fileEncoding</key>
			<string>4</string>
			<key>isa</key>
			<string>PBXFileReference</string>
			<key>lastKnownFileType</key>
			<string>sourcecode.swift</string>
			<key>path</key>
			<string>PickerViewCellModel.swift</string>
			<key>sourceTree</key>
			<string>&lt;group&gt;</string>
		</dict>
		<key>6202165F1CC5C13B003C71EE</key>
		<dict>
			<key>fileRef</key>
			<string>6202165E1CC5C13B003C71EE</string>
			<key>isa</key>
			<string>PBXBuildFile</string>
		</dict>
		<key>620216601CC5C2BC003C71EE</key>
		<dict>
			<key>fileEncoding</key>
			<string>4</string>
			<key>isa</key>
			<string>PBXFileReference</string>
			<key>lastKnownFileType</key>
			<string>sourcecode.swift</string>
			<key>path</key>
			<string>CellModelState.swift</string>
			<key>sourceTree</key>
			<string>&lt;group&gt;</string>
		</dict>
		<key>620216611CC5C2BC003C71EE</key>
		<dict>
			<key>fileRef</key>
			<string>620216601CC5C2BC003C71EE</string>
			<key>isa</key>
			<string>PBXBuildFile</string>
		</dict>
		<key>620216641CC5C31E003C71EE</key>
		<dict>
			<key>fileEncoding</key>
			<string>4</string>
			<key>isa</key>
			<string>PBXFileReference</string>
			<key>lastKnownFileType</key>
			<string>sourcecode.swift</string>
			<key>path</key>
			<string>SubtitleCell.swift</string>
			<key>sourceTree</key>
			<string>&lt;group&gt;</string>
		</dict>
		<key>620216651CC5C31E003C71EE</key>
		<dict>
			<key>fileRef</key>
			<string>620216641CC5C31E003C71EE</string>
			<key>isa</key>
			<string>PBXBuildFile</string>
		</dict>
		<key>620216661CC5C37B003C71EE</key>
		<dict>
			<key>fileEncoding</key>
			<string>4</string>
			<key>isa</key>
			<string>PBXFileReference</string>
			<key>lastKnownFileType</key>
			<string>sourcecode.swift</string>
			<key>path</key>
			<string>CellModelType.swift</string>
			<key>sourceTree</key>
			<string>&lt;group&gt;</string>
		</dict>
		<key>620216671CC5C37B003C71EE</key>
		<dict>
			<key>fileRef</key>
			<string>620216661CC5C37B003C71EE</string>
			<key>isa</key>
			<string>PBXBuildFile</string>
		</dict>
		<key>620216681CC5C3CD003C71EE</key>
		<dict>
			<key>fileEncoding</key>
			<string>4</string>
			<key>isa</key>
			<string>PBXFileReference</string>
			<key>lastKnownFileType</key>
			<string>sourcecode.swift</string>
			<key>path</key>
			<string>SubtitleCellModel.swift</string>
			<key>sourceTree</key>
			<string>&lt;group&gt;</string>
		</dict>
		<key>620216691CC5C3CD003C71EE</key>
		<dict>
			<key>fileRef</key>
			<string>620216681CC5C3CD003C71EE</string>
			<key>isa</key>
			<string>PBXBuildFile</string>
		</dict>
		<key>6202166A1CC5CF37003C71EE</key>
		<dict>
			<key>fileEncoding</key>
			<string>4</string>
			<key>isa</key>
			<string>PBXFileReference</string>
			<key>lastKnownFileType</key>
			<string>sourcecode.swift</string>
			<key>path</key>
			<string>CellType.swift</string>
			<key>sourceTree</key>
			<string>&lt;group&gt;</string>
		</dict>
		<key>6202166B1CC5CF37003C71EE</key>
		<dict>
			<key>fileRef</key>
			<string>6202166A1CC5CF37003C71EE</string>
			<key>isa</key>
			<string>PBXBuildFile</string>
		</dict>
		<key>6202166C1CC5D0D8003C71EE</key>
		<dict>
			<key>children</key>
			<array>
				<string>6202165E1CC5C13B003C71EE</string>
				<string>620216681CC5C3CD003C71EE</string>
			</array>
			<key>isa</key>
			<string>PBXGroup</string>
			<key>name</key>
			<string>Models</string>
			<key>path</key>
			<string>Models</string>
			<key>sourceTree</key>
			<string>&lt;group&gt;</string>
		</dict>
	</dict>
	<key>rootObject</key>
	<string>6202161F1CC5BED6003C71EE</string>
</dict>
</plist>
